<?xml version="1.0" encoding="utf-8"?>
<Project ToolsVersion="4.0" xmlns="http://schemas.microsoft.com/developer/msbuild/2003">
  <ItemGroup>
    <Filter Include="Source Files">
      <UniqueIdentifier>{4FC737F1-C7A5-4376-A066-2A32D752A2FF}</UniqueIdentifier>
      <Extensions>cpp;c;cc;cxx;def;odl;idl;hpj;bat;asm;asmx</Extensions>
    </Filter>
    <Filter Include="Header Files">
      <UniqueIdentifier>{93995380-89BD-4b04-88EB-625FBE52EBFB}</UniqueIdentifier>
      <Extensions>h;hh;hpp;hxx;hm;inl;inc;xsd</Extensions>
    </Filter>
    <Filter Include="Resource Files">
      <UniqueIdentifier>{67DA6AB6-F800-4c08-8B7A-83BB121AAD01}</UniqueIdentifier>
      <Extensions>rc;ico;cur;bmp;dlg;rc2;rct;bin;rgs;gif;jpg;jpeg;jpe;resx;tiff;tif;png;wav;mfcribbon-ms</Extensions>
    </Filter>
  </ItemGroup>
  <ItemGroup>
    <Text Include="ReadMe.txt" />
    <Text Include="TSPLIB95\tsp\bestSolutions.txt" />
    <Text Include="TSPLIB95\readme.txt" />
  </ItemGroup>
  <ItemGroup>
    <ClInclude Include="stdafx.h">
      <Filter>Header Files</Filter>
    </ClInclude>
    <ClInclude Include="targetver.h">
      <Filter>Header Files</Filter>
    </ClInclude>
    <ClInclude Include="Graph.h">
      <Filter>Header Files</Filter>
    </ClInclude>
    <ClInclude Include="TspProblem.h">
      <Filter>Header Files</Filter>
    </ClInclude>
  </ItemGroup>
  <ItemGroup>
    <ClCompile Include="stdafx.cpp">
      <Filter>Source Files</Filter>
    </ClCompile>
    <ClCompile Include="Tsp.cpp">
      <Filter>Source Files</Filter>
    </ClCompile>
    <ClCompile Include="Graph.cpp">
      <Filter>Source Files</Filter>
    </ClCompile>
    <ClCompile Include="TspProblem.cpp">
      <Filter>Source Files</Filter>
    </ClCompile>
  </ItemGroup>
  <ItemGroup>
    <None Include="TSPLIB95\tsp\a280.opt.tour" />
    <None Include="TSPLIB95\tsp\a280.tsp" />
    <None Include="TSPLIB95\tsp\ali535.tsp" />
    <None Include="TSPLIB95\tsp\att48.opt.tour" />
    <None Include="TSPLIB95\tsp\att48.tsp" />
    <None Include="TSPLIB95\tsp\att532.tsp" />
    <None Include="TSPLIB95\tsp\bayg29.opt.tour" />
    <None Include="TSPLIB95\tsp\bayg29.tsp" />
    <None Include="TSPLIB95\tsp\bays29.opt.tour" />
    <None Include="TSPLIB95\tsp\bays29.tsp" />
    <None Include="TSPLIB95\tsp\berlin52.opt.tour" />
    <None Include="TSPLIB95\tsp\berlin52.tsp" />
    <None Include="TSPLIB95\tsp\bier127.tsp" />
    <None Include="TSPLIB95\tsp\brazil58.tsp" />
    <None Include="TSPLIB95\tsp\brd14051.tsp" />
    <None Include="TSPLIB95\tsp\brg180.opt.tour" />
    <None Include="TSPLIB95\tsp\brg180.tsp" />
    <None Include="TSPLIB95\tsp\burma14.tsp" />
    <None Include="TSPLIB95\tsp\ch130.opt.tour" />
    <None Include="TSPLIB95\tsp\ch130.tsp" />
    <None Include="TSPLIB95\tsp\ch150.opt.tour" />
    <None Include="TSPLIB95\tsp\ch150.tsp" />
    <None Include="TSPLIB95\tsp\d198.tsp" />
    <None Include="TSPLIB95\tsp\d493.tsp" />
    <None Include="TSPLIB95\tsp\d657.tsp" />
    <None Include="TSPLIB95\tsp\d1291.tsp" />
    <None Include="TSPLIB95\tsp\d1655.tsp" />
    <None Include="TSPLIB95\tsp\d2103.tsp" />
    <None Include="TSPLIB95\tsp\d15112.tsp" />
    <None Include="TSPLIB95\tsp\d18512.tsp" />
    <None Include="TSPLIB95\tsp\dantzig42.tsp" />
    <None Include="TSPLIB95\tsp\dsj1000.tsp" />
    <None Include="TSPLIB95\tsp\dsj1000ceil.tsp" />
    <None Include="TSPLIB95\tsp\eil51.opt.tour" />
    <None Include="TSPLIB95\tsp\eil51.tsp" />
    <None Include="TSPLIB95\tsp\eil76.opt.tour" />
    <None Include="TSPLIB95\tsp\eil76.tsp" />
    <None Include="TSPLIB95\tsp\eil101.opt.tour" />
    <None Include="TSPLIB95\tsp\eil101.tsp" />
    <None Include="TSPLIB95\tsp\fl417.tsp" />
    <None Include="TSPLIB95\tsp\fl1400.tsp" />
    <None Include="TSPLIB95\tsp\fl1577.tsp" />
    <None Include="TSPLIB95\tsp\fl3795.tsp" />
    <None Include="TSPLIB95\tsp\fnl4461.tsp" />
    <None Include="TSPLIB95\tsp\fri26.opt.tour" />
    <None Include="TSPLIB95\tsp\fri26.tsp" />
    <None Include="TSPLIB95\tsp\gil262.tsp" />
    <None Include="TSPLIB95\tsp\gr17.tsp" />
    <None Include="TSPLIB95\tsp\gr21.tsp" />
    <None Include="TSPLIB95\tsp\gr24.opt.tour" />
    <None Include="TSPLIB95\tsp\gr24.tsp" />
    <None Include="TSPLIB95\tsp\gr48.opt.tour" />
    <None Include="TSPLIB95\tsp\gr48.tsp" />
    <None Include="TSPLIB95\tsp\gr96.opt.tour" />
    <None Include="TSPLIB95\tsp\gr96.tsp" />
    <None Include="TSPLIB95\tsp\gr120.opt.tour" />
    <None Include="TSPLIB95\tsp\gr120.tsp" />
    <None Include="TSPLIB95\tsp\gr137.tsp" />
    <None Include="TSPLIB95\tsp\gr202.opt.tour" />
    <None Include="TSPLIB95\tsp\gr202.tsp" />
    <None Include="TSPLIB95\tsp\gr229.tsp" />
    <None Include="TSPLIB95\tsp\gr431.tsp" />
    <None Include="TSPLIB95\tsp\gr666.opt.tour" />
    <None Include="TSPLIB95\tsp\gr666.tsp" />
    <None Include="TSPLIB95\tsp\hk48.tsp" />
    <None Include="TSPLIB95\tsp\kroA100.opt.tour" />
    <None Include="TSPLIB95\tsp\kroA100.tsp" />
    <None Include="TSPLIB95\tsp\kroA150.tsp" />
    <None Include="TSPLIB95\tsp\kroA200.tsp" />
    <None Include="TSPLIB95\tsp\kroB100.tsp" />
    <None Include="TSPLIB95\tsp\kroB150.tsp" />
    <None Include="TSPLIB95\tsp\kroB200.tsp" />
    <None Include="TSPLIB95\tsp\kroC100.opt.tour" />
    <None Include="TSPLIB95\tsp\kroC100.tsp" />
    <None Include="TSPLIB95\tsp\kroD100.opt.tour" />
    <None Include="TSPLIB95\tsp\kroD100.tsp" />
    <None Include="TSPLIB95\tsp\kroE100.tsp" />
    <None Include="TSPLIB95\tsp\lin105.opt.tour" />
    <None Include="TSPLIB95\tsp\lin105.tsp" />
    <None Include="TSPLIB95\tsp\lin318.tsp" />
    <None Include="TSPLIB95\tsp\linhp318.tsp" />
    <None Include="TSPLIB95\tsp\nrw1379.tsp" />
    <None Include="TSPLIB95\tsp\p654.tsp" />
    <None Include="TSPLIB95\tsp\pa561.opt.tour" />
    <None Include="TSPLIB95\tsp\pa561.tsp" />
    <None Include="TSPLIB95\tsp\pcb442.opt.tour" />
    <None Include="TSPLIB95\tsp\pcb442.tsp" />
    <None Include="TSPLIB95\tsp\pcb1173.tsp" />
    <None Include="TSPLIB95\tsp\pcb3038.tsp" />
    <None Include="TSPLIB95\tsp\pla7397.tsp" />
    <None Include="TSPLIB95\tsp\pla33810.opt.tour" />
    <None Include="TSPLIB95\tsp\pla33810.tsp" />
    <None Include="TSPLIB95\tsp\pla85900.tsp" />
    <None Include="TSPLIB95\tsp\pr76.opt.tour" />
    <None Include="TSPLIB95\tsp\pr76.tsp" />
    <None Include="TSPLIB95\tsp\pr107.tsp" />
    <None Include="TSPLIB95\tsp\pr124.tsp" />
    <None Include="TSPLIB95\tsp\pr136.tsp" />
    <None Include="TSPLIB95\tsp\pr144.tsp" />
    <None Include="TSPLIB95\tsp\pr152.tsp" />
    <None Include="TSPLIB95\tsp\pr226.tsp" />
    <None Include="TSPLIB95\tsp\pr264.tsp" />
    <None Include="TSPLIB95\tsp\pr299.tsp" />
    <None Include="TSPLIB95\tsp\pr439.tsp" />
    <None Include="TSPLIB95\tsp\pr1002.opt.tour" />
    <None Include="TSPLIB95\tsp\pr1002.tsp" />
    <None Include="TSPLIB95\tsp\pr2392.opt.tour" />
    <None Include="TSPLIB95\tsp\pr2392.tsp" />
    <None Include="TSPLIB95\tsp\rat99.tsp" />
    <None Include="TSPLIB95\tsp\rat195.tsp" />
    <None Include="TSPLIB95\tsp\rat575.tsp" />
    <None Include="TSPLIB95\tsp\rat783.tsp" />
    <None Include="TSPLIB95\tsp\rd100.opt.tour" />
    <None Include="TSPLIB95\tsp\rd100.tsp" />
    <None Include="TSPLIB95\tsp\rd400.tsp" />
    <None Include="TSPLIB95\tsp\rl1304.tsp" />
    <None Include="TSPLIB95\tsp\rl1323.tsp" />
    <None Include="TSPLIB95\tsp\rl1889.tsp" />
    <None Include="TSPLIB95\tsp\rl5915.tsp" />
    <None Include="TSPLIB95\tsp\rl5934.tsp" />
    <None Include="TSPLIB95\tsp\rl11849.tsp" />
    <None Include="TSPLIB95\tsp\si175.tsp" />
    <None Include="TSPLIB95\tsp\si535.tsp" />
    <None Include="TSPLIB95\tsp\si1032.tsp" />
    <None Include="TSPLIB95\tsp\st70.opt.tour" />
    <None Include="TSPLIB95\tsp\st70.tsp" />
    <None Include="TSPLIB95\tsp\swiss42.tsp" />
    <None Include="TSPLIB95\tsp\ts225.tsp" />
    <None Include="TSPLIB95\tsp\tsp225.opt.tour" />
    <None Include="TSPLIB95\tsp\tsp225.tsp" />
    <None Include="TSPLIB95\tsp\u159.tsp" />
    <None Include="TSPLIB95\tsp\u574.tsp" />
    <None Include="TSPLIB95\tsp\u724.tsp" />
    <None Include="TSPLIB95\tsp\u1060.tsp" />
    <None Include="TSPLIB95\tsp\u1432.tsp" />
    <None Include="TSPLIB95\tsp\u1817.tsp" />
    <None Include="TSPLIB95\tsp\u2152.tsp" />
    <None Include="TSPLIB95\tsp\u2319.tsp" />
    <None Include="TSPLIB95\tsp\ulysses16.opt.tour" />
    <None Include="TSPLIB95\tsp\ulysses16.tsp" />
    <None Include="TSPLIB95\tsp\ulysses22.opt.tour" />
    <None Include="TSPLIB95\tsp\ulysses22.tsp" />
    <None Include="TSPLIB95\tsp\usa13509.tsp" />
    <None Include="TSPLIB95\tsp\vm1084.tsp" />
    <None Include="TSPLIB95\tsp\vm1748.tsp" />
    <None Include="TSPLIB95\tsp\xray.problems" />
    <None Include="TSPLIB95\DOC.pdf" />
    <None Include="TSPLIB95\DOC.PS" />
  </ItemGroup>
</Project>